
Microsoft Visual Studio Solution File, Format Version 12.00
# Visual Studio Version 17
VisualStudioVersion = 17.7.34221.43
MinimumVisualStudioVersion = 10.0.40219.1
Project("{FAE04EC0-301F-11D3-BF4B-00C04F79EFBC}") = "BitEarthworm", "BitEarthworm.csproj", "{87DD72A0-D3AA-445F-A911-0D8E54CAA62C}"
EndProject
Project("{FAE04EC0-301F-11D3-BF4B-00C04F79EFBC}") = "DemoApp", "..\DemoApp\DemoApp.csproj", "{975C35E2-9D9A-4233-900B-AB7EB3A83833}"
EndProject
Global
	GlobalSection(SolutionConfigurationPlatforms) = preSolution
		Debug|Any CPU = Debug|Any CPU
		Release|Any CPU = Release|Any CPU
	EndGlobalSection
	GlobalSection(ProjectConfigurationPlatforms) = postSolution
		{87DD72A0-D3AA-445F-A911-0D8E54CAA62C}.Debug|Any CPU.ActiveCfg = Debug|Any CPU
		{87DD72A0-D3AA-445F-A911-0D8E54CAA62C}.Debug|Any CPU.Build.0 = Debug|Any CPU
		{87DD72A0-D3AA-445F-A911-0D8E54CAA62C}.Release|Any CPU.ActiveCfg = Release|Any CPU
		{87DD72A0-D3AA-445F-A911-0D8E54CAA62C}.Release|Any CPU.Build.0 = Release|Any CPU
		{975C35E2-9D9A-4233-900B-AB7EB3A83833}.Debug|Any CPU.ActiveCfg = Debug|Any CPU
		{975C35E2-9D9A-4233-900B-AB7EB3A83833}.Debug|Any CPU.Build.0 = Debug|Any CPU
		{975C35E2-9D9A-4233-900B-AB7EB3A83833}.Release|Any CPU.ActiveCfg = Release|Any CPU
		{975C35E2-9D9A-4233-900B-AB7EB3A83833}.Release|Any CPU.Build.0 = Release|Any CPU
	EndGlobalSection
	GlobalSection(SolutionProperties) = preSolution
		HideSolutionNode = FALSE
	EndGlobalSection
	GlobalSection(ExtensibilityGlobals) = postSolution
		SolutionGuid = {ABFC0965-ADB3-4B24-8835-A5F5684889DC}
	EndGlobalSection
EndGlobal
